# This file is autogenerated, do not edit; changes may be undone by the next 'dep ensure'.


[[projects]]
  digest = "1:9f3b30d9f8e0d7040f729b82dcbc8f0dead820a133b3147ce355fc451f32d761"
  name = "github.com/BurntSushi/toml"
  packages = ["."]
  pruneopts = "UT"
  revision = "3012a1dbe2e4bd1391d42b32f0577cb7bbc7f005"
  version = "v0.3.1"

[[projects]]
  branch = "master"
  digest = "1:72938f5cbc0208313aebf204dce11bc3ef2fad9453d89818656406e15fd38035"
  name = "github.com/andlabs/ui"
  packages = [
    ".",
    "winmanifest",
  ]
  pruneopts = "UT"
  revision = "867a9e5a498d85e2722730ed88c5f00560c7c354"

[[projects]]
  digest = "1:4cc61f141b6faa6bc5094c0441667dfc9dbd3199429c92debe1fb4a5ed1c65e1"
  name = "github.com/brocaar/loraserver"
  packages = [
    "api/common",
    "api/gw",
  ]
  pruneopts = "UT"
  revision = "4046e5e0cfdb633257e60ff899f9d532881e52ba"
  version = "v2.3.0"

[[projects]]
  branch = "master"
  digest = "1:589dcde08c0ec6d1173da854ab31915e8d808504ba25cf31ea44b0d2ff8c3773"
  name = "github.com/brocaar/lorawan"
  packages = [
    ".",
    "band",
  ]
  pruneopts = "UT"
  revision = "18588db1582cee6be25d20fad37bf091a78580e4"

[[projects]]
  digest = "1:184008c955d6a3226b700c13ed0e875a7a051a759618f9bccba9b5c99f17faa5"
  name = "github.com/eclipse/paho.mqtt.golang"
  packages = [
    ".",
    "packets",
  ]
  pruneopts = "UT"
  revision = "36d01c2b4cbeb3d2a12063e4880ce30800af9560"
  version = "v1.1.1"

[[projects]]
  digest = "1:9d6dc4d6de69b330d0de86494d6db90c09848c003d5db748f40c925f865c8534"
  name = "github.com/golang/protobuf"
  packages = [
    "jsonpb",
    "proto",
    "ptypes",
    "ptypes/any",
    "ptypes/duration",
    "ptypes/struct",
    "ptypes/timestamp",
  ]
  pruneopts = "UT"
  revision = "aa810b61a9c79d51363740d207bb46cf8e620ed5"
  version = "v1.2.0"

[[projects]]
  branch = "master"
  digest = "1:bc4980759e138041ecd526dc3223f2708854fb4a6e9f1ccf0aebf28036d65a26"
  name = "github.com/iegomez/loraserver-device-sim"
  packages = ["."]
  pruneopts = "UT"
  revision = "6ea9922371647cfae4eabad1a7314bb81de11930"

[[projects]]
  branch = "master"
  digest = "1:c231cdb133bc5f7267b07770e84ad6a0007bb26e99a97a7d1d6b20dd25913551"
  name = "github.com/jacobsa/crypto"
  packages = [
    "cmac",
    "common",
  ]
  pruneopts = "UT"
  revision = "d95898ceee0769dac9bf74c46f8f68d3d3d79100"

[[projects]]
  digest = "1:0a69a1c0db3591fcefb47f115b224592c8dfa4368b7ba9fae509d5e16cdc95c8"
  name = "github.com/konsorten/go-windows-terminal-sequences"
  packages = ["."]
  pruneopts = "UT"
  revision = "5c8c8bd35d3832f5d134ae1e1e375b69a4d25242"
  version = "v1.0.1"

[[projects]]
  digest = "1:69b1cc331fca23d702bd72f860c6a647afd0aa9fcbc1d0659b1365e26546dd70"
  name = "github.com/sirupsen/logrus"
  packages = ["."]
  pruneopts = "UT"
  revision = "bcd833dfe83d3cebad139e4a29ed79cb2318bf95"
  version = "v1.2.0"

[[projects]]
  branch = "master"
  digest = "1:3f3a05ae0b95893d90b9b3b5afdb79a9b3d96e4e36e099d841ae602e4aca0da8"
  name = "golang.org/x/crypto"
  packages = ["ssh/terminal"]
  pruneopts = "UT"
  revision = "3d3f9f413869b949e48070b5bc593aa22cc2b8f2"

[[projects]]
  branch = "master"
  digest = "1:50095e42352dba1c6ab2cec7e03b24fb4b513123f41d4ab4dbd2627c25fe18b8"
  name = "golang.org/x/net"
  packages = [
    "internal/socks",
    "proxy",
    "websocket",
  ]
  pruneopts = "UT"
  revision = "adae6a3d119ae4890b46832a2e88a95adc62b8e7"

[[projects]]
  branch = "master"
  digest = "1:48b757e61d662021f49a6a0afc67dacae27ee0c3a8f858d927126bcdf49222d3"
  name = "golang.org/x/sys"
  packages = [
    "unix",
    "windows",
  ]
  pruneopts = "UT"
  revision = "ec83556a53fe16b65c452a104ea9d1e86a671852"

[solve-meta]
  analyzer-name = "dep"
  analyzer-version = 1
  input-imports = [
    "github.com/BurntSushi/toml",
    "github.com/andlabs/ui",
    "github.com/andlabs/ui/winmanifest",
    "github.com/brocaar/loraserver/api/gw",
    "github.com/brocaar/lorawan",
    "github.com/eclipse/paho.mqtt.golang",
    "github.com/golang/protobuf/ptypes",
    "github.com/iegomez/loraserver-device-sim",
    "github.com/sirupsen/logrus",
  ]
  solver-name = "gps-cdcl"
  solver-version = 1
